
Microsoft Visual Studio Solution File, Format Version 12.00
# Visual Studio 15
VisualStudioVersion = 15.0.28307.1800
MinimumVisualStudioVersion = 10.0.40219.1
Project("{FAE04EC0-301F-11D3-BF4B-00C04F79EFBC}") = "DemoApp", "DemoApp\DemoApp.csproj", "{287FC467-BDE8-4AF7-AF9B-89E849F27FF3}"
EndProject
Global
	GlobalSection(SolutionConfigurationPlatforms) = preSolution
		Debug|Any CPU = Debug|Any CPU
		Release|Any CPU = Release|Any CPU
	EndGlobalSection
	GlobalSection(ProjectConfigurationPlatforms) = postSolution
		{287FC467-BDE8-4AF7-AF9B-89E849F27FF3}.Debug|Any CPU.ActiveCfg = Debug|Any CPU
		{287FC467-BDE8-4AF7-AF9B-89E849F27FF3}.Debug|Any CPU.Build.0 = Debug|Any CPU
		{287FC467-BDE8-4AF7-AF9B-89E849F27FF3}.Release|Any CPU.ActiveCfg = Release|Any CPU
		{287FC467-BDE8-4AF7-AF9B-89E849F27FF3}.Release|Any CPU.Build.0 = Release|Any CPU
	EndGlobalSection
	GlobalSection(SolutionProperties) = preSolution
		HideSolutionNode = FALSE
	EndGlobalSection
	GlobalSection(ExtensibilityGlobals) = postSolution
		SolutionGuid = {F2CD5120-1276-4934-B795-8A37FC12062F}
	EndGlobalSection
EndGlobal
